{
  "version": "1.0.0",
  "lockfileVersion": 1,
  "requires": true,
  "dependencies": {
    "@hummer/tenon-dev-tool": {
      "version": "0.2.0",
      "resolved": "https://registry.npmjs.org/@hummer/tenon-dev-tool/-/tenon-dev-tool-0.2.0.tgz",
      "integrity": "sha512-zg/6+yVhOnW0+u4aRB/M2zXBr6awx8cTAuUdXb5gFbl6XMJdQTaoomrB+fKPXhzjTGPDTQGqBpokg4wd/6wngQ=="
    },
    "@hummer/tenon-store": {
      "version": "1.4.0",
      "resolved": "https://registry.npmjs.org/@hummer/tenon-store/-/tenon-store-1.4.0.tgz",
      "integrity": "sha512-TbYwST1qt6Rtzvqhs83mzqMh+6gaE2iMRTZGgWKqT5VipoUZSDCiqnPZr+ZK0Edb+ZSobqBX7IOlOSmXg4PY5g=="
    },
    "@hummer/tenon-utils": {
      "version": "1.2.13",
      "resolved": "https://registry.npmjs.org/@hummer/tenon-utils/-/tenon-utils-1.2.13.tgz",
      "integrity": "sha512-XRqmbLixJwYoH0xQGI9b0cX25aZlccswMs1f/AskcQgSDWfr0luy5WHk5R1sfoWtJwMp34M76oB0HC3oS/Jknw=="
    },
    "@hummer/tenon-vue": {
      "version": "1.7.0",
      "resolved": "https://registry.npmjs.org/@hummer/tenon-vue/-/tenon-vue-1.7.0.tgz",
      "integrity": "sha512-2Wmxj2TEU49pU/Ezz3C2FIJzCItC73XfPdCFWiBg8/4Bg4RPC2YQaawLt3MgOBY1D6zEEB9vnPqGNp0/dyerxg==",
      "requires": {
        "@hummer/tenon-dev-tool": "^0.2.0",
        "@hummer/tenon-utils": "^1.2.13",
        "@vue/reactivity": "3.2.11",
        "@vue/runtime-core": "3.2.11"
      }
    },
    "@vue/reactivity": {
      "version": "3.2.11",
      "resolved": "https://registry.npmjs.org/@vue/reactivity/-/reactivity-3.2.11.tgz",
      "integrity": "sha512-hEQstxPQbgGZq5qApzrvbDmRdK1KP96O/j4XrwT8fVkT1ytkFs4fH2xNEh9QKwXfybbQkLs77W7OfXCv5o6qbA==",
      "requires": {
        "@vue/shared": "3.2.11"
      }
    },
    "@vue/runtime-core": {
      "version": "3.2.11",
      "resolved": "https://registry.npmjs.org/@vue/runtime-core/-/runtime-core-3.2.11.tgz",
      "integrity": "sha512-horlxjWwSvModC87WdsWswzzHE5IexmKkQA65S5vFgP5hLUBW+HRyScDeuB/RRcFmqnf+ozacNCfap0kqcpODw==",
      "requires": {
        "@vue/reactivity": "3.2.11",
        "@vue/shared": "3.2.11"
      }
    },
    "@vue/shared": {
      "version": "3.2.11",
      "resolved": "https://registry.npmjs.org/@vue/shared/-/shared-3.2.11.tgz",
      "integrity": "sha512-ovfXAsSsCvV9JVceWjkqC/7OF5HbgLOtCWjCIosmPGG8lxbPuavhIxRH1dTx4Dg9xLgRTNLvI3pVxG4ItQZekg=="
    }
  }
}
